
Microsoft Visual Studio Solution File, Format Version 12.00
# Visual Studio Version 16
VisualStudioVersion = 16.0.29201.188
MinimumVisualStudioVersion = 10.0.40219.1
Project("{FAE04EC0-301F-11D3-BF4B-00C04F79EFBC}") = "ConsoleApp2", "ConsoleApp2\ConsoleApp2.csproj", "{8406A965-FB63-4079-A541-9DFAC302BF92}"
EndProject
Global
	GlobalSection(SolutionConfigurationPlatforms) = preSolution
		Debug|Any CPU = Debug|Any CPU
		Release|Any CPU = Release|Any CPU
	EndGlobalSection
	GlobalSection(ProjectConfigurationPlatforms) = postSolution
		{8406A965-FB63-4079-A541-9DFAC302BF92}.Debug|Any CPU.ActiveCfg = Debug|Any CPU
		{8406A965-FB63-4079-A541-9DFAC302BF92}.Debug|Any CPU.Build.0 = Debug|Any CPU
		{8406A965-FB63-4079-A541-9DFAC302BF92}.Release|Any CPU.ActiveCfg = Release|Any CPU
		{8406A965-FB63-4079-A541-9DFAC302BF92}.Release|Any CPU.Build.0 = Release|Any CPU
	EndGlobalSection
	GlobalSection(SolutionProperties) = preSolution
		HideSolutionNode = FALSE
	EndGlobalSection
	GlobalSection(ExtensibilityGlobals) = postSolution
		SolutionGuid = {F33F7C46-E6F2-4F7E-AC90-588666ACEA08}
	EndGlobalSection
EndGlobal
