
Microsoft Visual Studio Solution File, Format Version 12.00
# Visual Studio 15
VisualStudioVersion = 15.0.28307.645
MinimumVisualStudioVersion = 10.0.40219.1
Project("{FAE04EC0-301F-11D3-BF4B-00C04F79EFBC}") = "task1", "task1\task1.csproj", "{7DB8AABE-6FC2-44E4-91F5-04316816C9FE}"
EndProject
Project("{FAE04EC0-301F-11D3-BF4B-00C04F79EFBC}") = "task2", "task2\task2.csproj", "{DCA4CD35-821B-4F96-9609-66FA5A29A4D6}"
EndProject
Project("{FAE04EC0-301F-11D3-BF4B-00C04F79EFBC}") = "task3", "task3\task3.csproj", "{634C7486-9A4B-4CBE-AA62-AAF661CC4546}"
EndProject
Global
	GlobalSection(SolutionConfigurationPlatforms) = preSolution
		Debug|Any CPU = Debug|Any CPU
		Release|Any CPU = Release|Any CPU
	EndGlobalSection
	GlobalSection(ProjectConfigurationPlatforms) = postSolution
		{7DB8AABE-6FC2-44E4-91F5-04316816C9FE}.Debug|Any CPU.ActiveCfg = Debug|Any CPU
		{7DB8AABE-6FC2-44E4-91F5-04316816C9FE}.Debug|Any CPU.Build.0 = Debug|Any CPU
		{7DB8AABE-6FC2-44E4-91F5-04316816C9FE}.Release|Any CPU.ActiveCfg = Release|Any CPU
		{7DB8AABE-6FC2-44E4-91F5-04316816C9FE}.Release|Any CPU.Build.0 = Release|Any CPU
		{DCA4CD35-821B-4F96-9609-66FA5A29A4D6}.Debug|Any CPU.ActiveCfg = Debug|Any CPU
		{DCA4CD35-821B-4F96-9609-66FA5A29A4D6}.Debug|Any CPU.Build.0 = Debug|Any CPU
		{DCA4CD35-821B-4F96-9609-66FA5A29A4D6}.Release|Any CPU.ActiveCfg = Release|Any CPU
		{DCA4CD35-821B-4F96-9609-66FA5A29A4D6}.Release|Any CPU.Build.0 = Release|Any CPU
		{634C7486-9A4B-4CBE-AA62-AAF661CC4546}.Debug|Any CPU.ActiveCfg = Debug|Any CPU
		{634C7486-9A4B-4CBE-AA62-AAF661CC4546}.Debug|Any CPU.Build.0 = Debug|Any CPU
		{634C7486-9A4B-4CBE-AA62-AAF661CC4546}.Release|Any CPU.ActiveCfg = Release|Any CPU
		{634C7486-9A4B-4CBE-AA62-AAF661CC4546}.Release|Any CPU.Build.0 = Release|Any CPU
	EndGlobalSection
	GlobalSection(SolutionProperties) = preSolution
		HideSolutionNode = FALSE
	EndGlobalSection
	GlobalSection(ExtensibilityGlobals) = postSolution
		SolutionGuid = {B28EEB7F-092B-4B6E-911E-71BED50207FC}
	EndGlobalSection
EndGlobal
